
Microsoft Visual Studio Solution File, Format Version 12.00
# Visual Studio Version 17
VisualStudioVersion = 17.7.34031.279
MinimumVisualStudioVersion = 10.0.40219.1
Project("{FAE04EC0-301F-11D3-BF4B-00C04F79EFBC}") = "SmartShop", "SmartShop\SmartShop.csproj", "{BE697F59-0713-4C77-A115-853CA1AB1479}"
EndProject
Global
	GlobalSection(SolutionConfigurationPlatforms) = preSolution
		Debug|Any CPU = Debug|Any CPU
		Release|Any CPU = Release|Any CPU
	EndGlobalSection
	GlobalSection(ProjectConfigurationPlatforms) = postSolution
		{BE697F59-0713-4C77-A115-853CA1AB1479}.Debug|Any CPU.ActiveCfg = Debug|Any CPU
		{BE697F59-0713-4C77-A115-853CA1AB1479}.Debug|Any CPU.Build.0 = Debug|Any CPU
		{BE697F59-0713-4C77-A115-853CA1AB1479}.Release|Any CPU.ActiveCfg = Release|Any CPU
		{BE697F59-0713-4C77-A115-853CA1AB1479}.Release|Any CPU.Build.0 = Release|Any CPU
	EndGlobalSection
	GlobalSection(SolutionProperties) = preSolution
		HideSolutionNode = FALSE
	EndGlobalSection
	GlobalSection(ExtensibilityGlobals) = postSolution
		SolutionGuid = {6FF0FF2E-EA08-4062-AADF-87D535AEA0ED}
	EndGlobalSection
EndGlobal
